
Microsoft Visual Studio Solution File, Format Version 12.00
# Visual Studio 15
VisualStudioVersion = 15.0.27130.2010
MinimumVisualStudioVersion = 10.0.40219.1
Project("{9A19103F-16F7-4668-BE54-9A1E7A4F7556}") = "LargeDataEmailConsumer", "LargeDataEmailConsumer\LargeDataEmailConsumer.csproj", "{A2F35044-10F9-4540-AC72-686A105BD386}"
EndProject
Global
	GlobalSection(SolutionConfigurationPlatforms) = preSolution
		Debug|Any CPU = Debug|Any CPU
		Release|Any CPU = Release|Any CPU
	EndGlobalSection
	GlobalSection(ProjectConfigurationPlatforms) = postSolution
		{A2F35044-10F9-4540-AC72-686A105BD386}.Debug|Any CPU.ActiveCfg = Debug|Any CPU
		{A2F35044-10F9-4540-AC72-686A105BD386}.Debug|Any CPU.Build.0 = Debug|Any CPU
		{A2F35044-10F9-4540-AC72-686A105BD386}.Release|Any CPU.ActiveCfg = Release|Any CPU
		{A2F35044-10F9-4540-AC72-686A105BD386}.Release|Any CPU.Build.0 = Release|Any CPU
	EndGlobalSection
	GlobalSection(SolutionProperties) = preSolution
		HideSolutionNode = FALSE
	EndGlobalSection
	GlobalSection(ExtensibilityGlobals) = postSolution
		SolutionGuid = {F2CF7541-A587-4920-A7F2-E9C059E54959}
	EndGlobalSection
EndGlobal
